
Microsoft Visual Studio Solution File, Format Version 12.00
Project("{FAE04EC0-301F-11D3-BF4B-00C04F79EFBC}") = "Down2Plugin", "Down2Plugin\Down2Plugin.csproj", "{31994364-A51E-46EF-B1A9-F0D63AB73906}"
EndProject
Global
	GlobalSection(SolutionConfigurationPlatforms) = preSolution
		Debug|Any CPU = Debug|Any CPU
		Release|Any CPU = Release|Any CPU
	EndGlobalSection
	GlobalSection(ProjectConfigurationPlatforms) = postSolution
		{31994364-A51E-46EF-B1A9-F0D63AB73906}.Debug|Any CPU.ActiveCfg = Debug|Any CPU
		{31994364-A51E-46EF-B1A9-F0D63AB73906}.Debug|Any CPU.Build.0 = Debug|Any CPU
		{31994364-A51E-46EF-B1A9-F0D63AB73906}.Release|Any CPU.ActiveCfg = Release|Any CPU
		{31994364-A51E-46EF-B1A9-F0D63AB73906}.Release|Any CPU.Build.0 = Release|Any CPU
	EndGlobalSection
EndGlobal
